<Solution>
  <Project Path="NeuralChickens.Api.Application/NeuralChickens.Api.Application.csproj" />
  <Project Path="NeuralChickens.Api.Common/NeuralChickens.Api.Common.csproj" />
  <Project Path="NeuralChickens.Api.Domain/NeuralChickens.Api.Domain.csproj" />
  <Project Path="NeuralChickens.Api/NeuralChickens.Api.csproj" />
</Solution>
